
Microsoft Visual Studio Solution File, Format Version 12.00
# Visual Studio Version 17
VisualStudioVersion = 17.11.35222.181
MinimumVisualStudioVersion = 10.0.40219.1
Project("{FAE04EC0-301F-11D3-BF4B-00C04F79EFBC}") = "WpfProject", "WpfProject\WpfProject.csproj", "{148E61DB-51E7-45C1-9A4C-7E7CFD1CF58E}"
EndProject
Global
	GlobalSection(SolutionConfigurationPlatforms) = preSolution
		Debug|Any CPU = Debug|Any CPU
		Release|Any CPU = Release|Any CPU
	EndGlobalSection
	GlobalSection(ProjectConfigurationPlatforms) = postSolution
		{148E61DB-51E7-45C1-9A4C-7E7CFD1CF58E}.Debug|Any CPU.ActiveCfg = Debug|Any CPU
		{148E61DB-51E7-45C1-9A4C-7E7CFD1CF58E}.Debug|Any CPU.Build.0 = Debug|Any CPU
		{148E61DB-51E7-45C1-9A4C-7E7CFD1CF58E}.Release|Any CPU.ActiveCfg = Release|Any CPU
		{148E61DB-51E7-45C1-9A4C-7E7CFD1CF58E}.Release|Any CPU.Build.0 = Release|Any CPU
	EndGlobalSection
	GlobalSection(SolutionProperties) = preSolution
		HideSolutionNode = FALSE
	EndGlobalSection
	GlobalSection(ExtensibilityGlobals) = postSolution
		SolutionGuid = {D5C640AC-054F-4392-A18F-0EF05B370231}
	EndGlobalSection
EndGlobal
